
Microsoft Visual Studio Solution File, Format Version 12.00
# Visual Studio Version 17
VisualStudioVersion = 17.4.33122.133
MinimumVisualStudioVersion = 10.0.40219.1
Project("{FAE04EC0-301F-11D3-BF4B-00C04F79EFBC}") = "DataEntry Project", "DataEntry Project\DataEntry Project.csproj", "{A260C0B2-49C6-4940-B932-A120FA67B2C6}"
EndProject
Global
	GlobalSection(SolutionConfigurationPlatforms) = preSolution
		Debug|Any CPU = Debug|Any CPU
		Release|Any CPU = Release|Any CPU
	EndGlobalSection
	GlobalSection(ProjectConfigurationPlatforms) = postSolution
		{A260C0B2-49C6-4940-B932-A120FA67B2C6}.Debug|Any CPU.ActiveCfg = Debug|Any CPU
		{A260C0B2-49C6-4940-B932-A120FA67B2C6}.Debug|Any CPU.Build.0 = Debug|Any CPU
		{A260C0B2-49C6-4940-B932-A120FA67B2C6}.Release|Any CPU.ActiveCfg = Release|Any CPU
		{A260C0B2-49C6-4940-B932-A120FA67B2C6}.Release|Any CPU.Build.0 = Release|Any CPU
	EndGlobalSection
	GlobalSection(SolutionProperties) = preSolution
		HideSolutionNode = FALSE
	EndGlobalSection
	GlobalSection(ExtensibilityGlobals) = postSolution
		SolutionGuid = {5127639F-BD94-48E5-81A4-16A58F5A9001}
	EndGlobalSection
EndGlobal
